
Microsoft Visual Studio Solution File, Format Version 12.00
# Visual Studio 15
VisualStudioVersion = 15.0.28010.2046
MinimumVisualStudioVersion = 10.0.40219.1
Project("{9A19103F-16F7-4668-BE54-9A1E7A4F7556}") = "Data", "Data\Data.csproj", "{F9374DA7-EBAC-4305-B523-B060F5240F03}"
EndProject
Project("{2150E333-8FDC-42A3-9474-1A3956D46DE8}") = "BusinessLogic", "BusinessLogic", "{04C23E66-91DD-4D88-BD1F-316A45C818A6}"
EndProject
Project("{2150E333-8FDC-42A3-9474-1A3956D46DE8}") = "DataLogic", "DataLogic", "{EC56A6EB-438B-4BEC-ADAA-9D3D525A05FD}"
EndProject
Project("{2150E333-8FDC-42A3-9474-1A3956D46DE8}") = "UnitTests", "UnitTests", "{1B26357A-B621-4333-83CA-731F16DA91D0}"
EndProject
Project("{2150E333-8FDC-42A3-9474-1A3956D46DE8}") = "Entities", "Entities", "{3DAA953F-289A-4AA1-ADB1-15EB3A2EB4D9}"
	ProjectSection(SolutionItems) = preProject
		Data\WeatherInfo.cs = Data\WeatherInfo.cs
	EndProjectSection
EndProject
Project("{FAE04EC0-301F-11D3-BF4B-00C04F79EFBC}") = "BusinessLogic", "Business\BusinessLogic.csproj", "{7218998D-D96A-4130-BAFB-01B292BCF9EB}"
EndProject
Project("{9A19103F-16F7-4668-BE54-9A1E7A4F7556}") = "WebServices", "WebServices\WebServices.csproj", "{E5F370E7-1D46-4ADD-B201-9505639BA36F}"
EndProject
Project("{2150E333-8FDC-42A3-9474-1A3956D46DE8}") = "WebService", "WebService", "{0D62D5D2-04E3-4F19-A730-9F0C5FEB1F47}"
EndProject
Project("{2150E333-8FDC-42A3-9474-1A3956D46DE8}") = "Tests", "Tests", "{13417A39-DD48-4FF3-B3A3-15616AB0AB2C}"
EndProject
Project("{FAE04EC0-301F-11D3-BF4B-00C04F79EFBC}") = "UnitTests", "UnitTests\UnitTests.csproj", "{621C18DF-6159-4C09-8AB6-D8E8DCAB31AB}"
EndProject
Project("{2150E333-8FDC-42A3-9474-1A3956D46DE8}") = "IntTests", "IntTests", "{B2BAA76D-5F06-43A2-9EF7-49E9A0D371FA}"
	ProjectSection(SolutionItems) = preProject
		UnitTests\Int_Tests.cs = UnitTests\Int_Tests.cs
	EndProjectSection
EndProject
Global
	GlobalSection(SolutionConfigurationPlatforms) = preSolution
		Debug|Any CPU = Debug|Any CPU
		Release|Any CPU = Release|Any CPU
	EndGlobalSection
	GlobalSection(ProjectConfigurationPlatforms) = postSolution
		{F9374DA7-EBAC-4305-B523-B060F5240F03}.Debug|Any CPU.ActiveCfg = Debug|Any CPU
		{F9374DA7-EBAC-4305-B523-B060F5240F03}.Debug|Any CPU.Build.0 = Debug|Any CPU
		{F9374DA7-EBAC-4305-B523-B060F5240F03}.Release|Any CPU.ActiveCfg = Release|Any CPU
		{F9374DA7-EBAC-4305-B523-B060F5240F03}.Release|Any CPU.Build.0 = Release|Any CPU
		{7218998D-D96A-4130-BAFB-01B292BCF9EB}.Debug|Any CPU.ActiveCfg = Debug|Any CPU
		{7218998D-D96A-4130-BAFB-01B292BCF9EB}.Debug|Any CPU.Build.0 = Debug|Any CPU
		{7218998D-D96A-4130-BAFB-01B292BCF9EB}.Release|Any CPU.ActiveCfg = Release|Any CPU
		{7218998D-D96A-4130-BAFB-01B292BCF9EB}.Release|Any CPU.Build.0 = Release|Any CPU
		{E5F370E7-1D46-4ADD-B201-9505639BA36F}.Debug|Any CPU.ActiveCfg = Debug|Any CPU
		{E5F370E7-1D46-4ADD-B201-9505639BA36F}.Debug|Any CPU.Build.0 = Debug|Any CPU
		{E5F370E7-1D46-4ADD-B201-9505639BA36F}.Release|Any CPU.ActiveCfg = Release|Any CPU
		{E5F370E7-1D46-4ADD-B201-9505639BA36F}.Release|Any CPU.Build.0 = Release|Any CPU
		{621C18DF-6159-4C09-8AB6-D8E8DCAB31AB}.Debug|Any CPU.ActiveCfg = Debug|Any CPU
		{621C18DF-6159-4C09-8AB6-D8E8DCAB31AB}.Debug|Any CPU.Build.0 = Debug|Any CPU
		{621C18DF-6159-4C09-8AB6-D8E8DCAB31AB}.Release|Any CPU.ActiveCfg = Release|Any CPU
		{621C18DF-6159-4C09-8AB6-D8E8DCAB31AB}.Release|Any CPU.Build.0 = Release|Any CPU
	EndGlobalSection
	GlobalSection(SolutionProperties) = preSolution
		HideSolutionNode = FALSE
	EndGlobalSection
	GlobalSection(NestedProjects) = preSolution
		{F9374DA7-EBAC-4305-B523-B060F5240F03} = {EC56A6EB-438B-4BEC-ADAA-9D3D525A05FD}
		{1B26357A-B621-4333-83CA-731F16DA91D0} = {13417A39-DD48-4FF3-B3A3-15616AB0AB2C}
		{3DAA953F-289A-4AA1-ADB1-15EB3A2EB4D9} = {EC56A6EB-438B-4BEC-ADAA-9D3D525A05FD}
		{7218998D-D96A-4130-BAFB-01B292BCF9EB} = {04C23E66-91DD-4D88-BD1F-316A45C818A6}
		{E5F370E7-1D46-4ADD-B201-9505639BA36F} = {0D62D5D2-04E3-4F19-A730-9F0C5FEB1F47}
		{621C18DF-6159-4C09-8AB6-D8E8DCAB31AB} = {1B26357A-B621-4333-83CA-731F16DA91D0}
		{B2BAA76D-5F06-43A2-9EF7-49E9A0D371FA} = {13417A39-DD48-4FF3-B3A3-15616AB0AB2C}
	EndGlobalSection
	GlobalSection(ExtensibilityGlobals) = postSolution
		SolutionGuid = {AB9CC0C0-9E94-4307-831B-7E56E7DC3BE1}
	EndGlobalSection
EndGlobal
