
Microsoft Visual Studio Solution File, Format Version 12.00
# Visual Studio 15
VisualStudioVersion = 15.0.28010.2046
MinimumVisualStudioVersion = 10.0.40219.1
Project("{FAE04EC0-301F-11D3-BF4B-00C04F79EFBC}") = "Web", "Web\Web.csproj", "{2006A3CF-2A37-4841-9805-90A08F0FB01A}"
EndProject
Project("{FAE04EC0-301F-11D3-BF4B-00C04F79EFBC}") = "Web.Tests", "Web.Tests\Web.Tests.csproj", "{D6718BB6-65A9-4A49-A176-398BF54E4A30}"
EndProject
Project("{FAE04EC0-301F-11D3-BF4B-00C04F79EFBC}") = "Business", "Business\Business.csproj", "{76EDC4B6-1530-4923-A7F3-3EBA17E35169}"
EndProject
Project("{FAE04EC0-301F-11D3-BF4B-00C04F79EFBC}") = "Data", "Data\Data.csproj", "{F9374DA7-EBAC-4305-B523-B060F5240F03}"
EndProject
Project("{2150E333-8FDC-42A3-9474-1A3956D46DE8}") = "Presentation", "Presentation", "{A056270C-5151-45EE-BDE2-1E8C8757BC99}"
EndProject
Project("{2150E333-8FDC-42A3-9474-1A3956D46DE8}") = "BusinessLogic", "BusinessLogic", "{04C23E66-91DD-4D88-BD1F-316A45C818A6}"
EndProject
Project("{2150E333-8FDC-42A3-9474-1A3956D46DE8}") = "DataLogic", "DataLogic", "{EC56A6EB-438B-4BEC-ADAA-9D3D525A05FD}"
EndProject
Project("{2150E333-8FDC-42A3-9474-1A3956D46DE8}") = "UnitTests", "UnitTests", "{1B26357A-B621-4333-83CA-731F16DA91D0}"
EndProject
Project("{2150E333-8FDC-42A3-9474-1A3956D46DE8}") = "IntegrationTests", "IntegrationTests", "{405A07FC-F0FE-4AA5-8F84-EE26E5020C98}"
EndProject
Project("{FAE04EC0-301F-11D3-BF4B-00C04F79EFBC}") = "IntTests", "IntTests\IntTests.csproj", "{56B57CD2-2324-43A2-BFFC-2A138945CA09}"
EndProject
Project("{FAE04EC0-301F-11D3-BF4B-00C04F79EFBC}") = "UntTests", "UntTests\UntTests.csproj", "{C66A17AE-B532-4D51-BAAA-4FF3B7D796F3}"
EndProject
Project("{2150E333-8FDC-42A3-9474-1A3956D46DE8}") = "Solution Items", "Solution Items", "{0FAA7D1C-3410-412D-B743-62F37E4C7A69}"
EndProject
Project("{FAE04EC0-301F-11D3-BF4B-00C04F79EFBC}") = "TestYoke", "ConsoleApp1\TestYoke.csproj", "{8C1AD96C-885F-4574-9023-A66ABD1F1697}"
EndProject
Global
	GlobalSection(SolutionConfigurationPlatforms) = preSolution
		Debug|Any CPU = Debug|Any CPU
		Release|Any CPU = Release|Any CPU
	EndGlobalSection
	GlobalSection(ProjectConfigurationPlatforms) = postSolution
		{2006A3CF-2A37-4841-9805-90A08F0FB01A}.Debug|Any CPU.ActiveCfg = Debug|Any CPU
		{2006A3CF-2A37-4841-9805-90A08F0FB01A}.Debug|Any CPU.Build.0 = Debug|Any CPU
		{2006A3CF-2A37-4841-9805-90A08F0FB01A}.Release|Any CPU.ActiveCfg = Release|Any CPU
		{2006A3CF-2A37-4841-9805-90A08F0FB01A}.Release|Any CPU.Build.0 = Release|Any CPU
		{D6718BB6-65A9-4A49-A176-398BF54E4A30}.Debug|Any CPU.ActiveCfg = Debug|Any CPU
		{D6718BB6-65A9-4A49-A176-398BF54E4A30}.Debug|Any CPU.Build.0 = Debug|Any CPU
		{D6718BB6-65A9-4A49-A176-398BF54E4A30}.Release|Any CPU.ActiveCfg = Release|Any CPU
		{D6718BB6-65A9-4A49-A176-398BF54E4A30}.Release|Any CPU.Build.0 = Release|Any CPU
		{76EDC4B6-1530-4923-A7F3-3EBA17E35169}.Debug|Any CPU.ActiveCfg = Debug|Any CPU
		{76EDC4B6-1530-4923-A7F3-3EBA17E35169}.Debug|Any CPU.Build.0 = Debug|Any CPU
		{76EDC4B6-1530-4923-A7F3-3EBA17E35169}.Release|Any CPU.ActiveCfg = Release|Any CPU
		{76EDC4B6-1530-4923-A7F3-3EBA17E35169}.Release|Any CPU.Build.0 = Release|Any CPU
		{F9374DA7-EBAC-4305-B523-B060F5240F03}.Debug|Any CPU.ActiveCfg = Debug|Any CPU
		{F9374DA7-EBAC-4305-B523-B060F5240F03}.Debug|Any CPU.Build.0 = Debug|Any CPU
		{F9374DA7-EBAC-4305-B523-B060F5240F03}.Release|Any CPU.ActiveCfg = Release|Any CPU
		{F9374DA7-EBAC-4305-B523-B060F5240F03}.Release|Any CPU.Build.0 = Release|Any CPU
		{56B57CD2-2324-43A2-BFFC-2A138945CA09}.Debug|Any CPU.ActiveCfg = Debug|Any CPU
		{56B57CD2-2324-43A2-BFFC-2A138945CA09}.Debug|Any CPU.Build.0 = Debug|Any CPU
		{56B57CD2-2324-43A2-BFFC-2A138945CA09}.Release|Any CPU.ActiveCfg = Release|Any CPU
		{56B57CD2-2324-43A2-BFFC-2A138945CA09}.Release|Any CPU.Build.0 = Release|Any CPU
		{C66A17AE-B532-4D51-BAAA-4FF3B7D796F3}.Debug|Any CPU.ActiveCfg = Debug|Any CPU
		{C66A17AE-B532-4D51-BAAA-4FF3B7D796F3}.Debug|Any CPU.Build.0 = Debug|Any CPU
		{C66A17AE-B532-4D51-BAAA-4FF3B7D796F3}.Release|Any CPU.ActiveCfg = Release|Any CPU
		{C66A17AE-B532-4D51-BAAA-4FF3B7D796F3}.Release|Any CPU.Build.0 = Release|Any CPU
		{8C1AD96C-885F-4574-9023-A66ABD1F1697}.Debug|Any CPU.ActiveCfg = Debug|Any CPU
		{8C1AD96C-885F-4574-9023-A66ABD1F1697}.Debug|Any CPU.Build.0 = Debug|Any CPU
		{8C1AD96C-885F-4574-9023-A66ABD1F1697}.Release|Any CPU.ActiveCfg = Release|Any CPU
		{8C1AD96C-885F-4574-9023-A66ABD1F1697}.Release|Any CPU.Build.0 = Release|Any CPU
	EndGlobalSection
	GlobalSection(SolutionProperties) = preSolution
		HideSolutionNode = FALSE
	EndGlobalSection
	GlobalSection(NestedProjects) = preSolution
		{2006A3CF-2A37-4841-9805-90A08F0FB01A} = {A056270C-5151-45EE-BDE2-1E8C8757BC99}
		{D6718BB6-65A9-4A49-A176-398BF54E4A30} = {405A07FC-F0FE-4AA5-8F84-EE26E5020C98}
		{76EDC4B6-1530-4923-A7F3-3EBA17E35169} = {04C23E66-91DD-4D88-BD1F-316A45C818A6}
		{F9374DA7-EBAC-4305-B523-B060F5240F03} = {EC56A6EB-438B-4BEC-ADAA-9D3D525A05FD}
		{56B57CD2-2324-43A2-BFFC-2A138945CA09} = {405A07FC-F0FE-4AA5-8F84-EE26E5020C98}
		{C66A17AE-B532-4D51-BAAA-4FF3B7D796F3} = {1B26357A-B621-4333-83CA-731F16DA91D0}
		{8C1AD96C-885F-4574-9023-A66ABD1F1697} = {0FAA7D1C-3410-412D-B743-62F37E4C7A69}
	EndGlobalSection
	GlobalSection(ExtensibilityGlobals) = postSolution
		SolutionGuid = {AB9CC0C0-9E94-4307-831B-7E56E7DC3BE1}
	EndGlobalSection
EndGlobal
